github.com/iden3/go-iden3-crypto v0.0.15 h1:4MJYlrot1l31Fzlo2sF56u7EVFeHHJkxGXXZCtESgK4=
github.com/iden3/go-iden3-crypto v0.0.15/go.mod h1:dLpM4vEPJ3nDHzhWFXDjzkn1qHoBeOT/3UEhXsEsP3E=
github.com/iden3/go-rapidsnark/types v0.0.3 h1:f0s1Qdut1qHe1O67+m+xUVRBPwSXnq5j0xSrBi0jqM4=
github.com/iden3/go-rapidsnark/types v0.0.3/go.mod h1:ApgcaUxKIgSRA6fAeFxK7p+lgXXfG4oA2HN5DhFlfF4=
github.com/iden3/go-rapidsnark/verifier v0.0.5 h1:J7y0ovrEjDQoWtZmlrp4tgGng1A9faMeYsQH4igAEqA=
github.com/iden3/go-rapidsnark/verifier v0.0.5/go.mod h1:KgL3Yr9NehlFDI4EIWVLE3UDUi8ulyjbp7HcXSBfiGI=
github.com/pkg/errors v0.9.1 h1:FEBLx1zS214owpjy7qsBeixbURkuhQAwrK5UwLGTwt4=
github.com/pkg/errors v0.9.1/go.mod h1:bwawxfHBFNV+L2hUp1rHADufV3IMtnDRdf1r5NINEl0=
gitlab.com/distributed_lab/logan v3.8.1+incompatible h1:bYiP3P0AA0cpAL/fyOYWGq1aiKw16vZFoJz+nwbqdvU=
gitlab.com/distributed_lab/logan v3.8.1+incompatible/go.mod h1:25oL/FPFXmyYzWeA6vahMvnFJV8P7mOx0jZhRP7nhlc=
golang.org/x/sys v0.6.0 h1:MVltZSvRTcU2ljQOhs94SXPftV6DCNnZViHeQps87pQ=
golang.org/x/sys v0.6.0/go.mod h1:oPkhp1MJrh7nUepCBck5+mAzfO9JrbApNNgaTdGDITg=
